
Microsoft Visual Studio Solution File, Format Version 12.00
# Visual Studio Version 16
VisualStudioVersion = 16.0.31729.503
MinimumVisualStudioVersion = 10.0.40219.1
Project("{FAE04EC0-301F-11D3-BF4B-00C04F79EFBC}") = "OpenTkBasico", "OpenTkBasico\OpenTkBasico.csproj", "{EEAFA21B-E640-433F-8D8B-0B8CE29B310B}"
EndProject
Global
	GlobalSection(SolutionConfigurationPlatforms) = preSolution
		Debug|Any CPU = Debug|Any CPU
		Release|Any CPU = Release|Any CPU
	EndGlobalSection
	GlobalSection(ProjectConfigurationPlatforms) = postSolution
		{EEAFA21B-E640-433F-8D8B-0B8CE29B310B}.Debug|Any CPU.ActiveCfg = Debug|Any CPU
		{EEAFA21B-E640-433F-8D8B-0B8CE29B310B}.Debug|Any CPU.Build.0 = Debug|Any CPU
		{EEAFA21B-E640-433F-8D8B-0B8CE29B310B}.Release|Any CPU.ActiveCfg = Release|Any CPU
		{EEAFA21B-E640-433F-8D8B-0B8CE29B310B}.Release|Any CPU.Build.0 = Release|Any CPU
	EndGlobalSection
	GlobalSection(SolutionProperties) = preSolution
		HideSolutionNode = FALSE
	EndGlobalSection
	GlobalSection(ExtensibilityGlobals) = postSolution
		SolutionGuid = {CEBAC22E-B356-4760-9555-1AC411E0B502}
	EndGlobalSection
EndGlobal
